// !$*UTF8*$!
{
	archiveVersion = 1;
	classes = {
	};
	objectVersion = 51;
	objects = {

/* Begin PBXBuildFile section */
		18420C68241139A80060B3BE /* TattooListScreen.swift in Sources */ = {isa = PBXBuildFile; fileRef = 18420C67241139A80060B3BE /* TattooListScreen.swift */; };
		18420C6A241139BD0060B3BE /* TattooListPresenter.swift in Sources */ = {isa = PBXBuildFile; fileRef = 18420C69241139BD0060B3BE /* TattooListPresenter.swift */; };
		18420C6C241139D50060B3BE /* TattooListViewController.swift in Sources */ = {isa = PBXBuildFile; fileRef = 18420C6B241139D50060B3BE /* TattooListViewController.swift */; };
		18420C6F24113C370060B3BE /* NavigationController.swift in Sources */ = {isa = PBXBuildFile; fileRef = 18420C6E24113C370060B3BE /* NavigationController.swift */; };
		18420C7324114A3B0060B3BE /* UIView+AutoLayout.swift in Sources */ = {isa = PBXBuildFile; fileRef = 18420C7224114A3B0060B3BE /* UIView+AutoLayout.swift */; };
		18420C7524114BC10060B3BE /* TattooDetailsScreen.swift in Sources */ = {isa = PBXBuildFile; fileRef = 18420C7424114BC10060B3BE /* TattooDetailsScreen.swift */; };
		18420C7724114C4A0060B3BE /* TattooDetailsPresenter.swift in Sources */ = {isa = PBXBuildFile; fileRef = 18420C7624114C4A0060B3BE /* TattooDetailsPresenter.swift */; };
		18420C7924114C6B0060B3BE /* TattooDetailsViewController.swift in Sources */ = {isa = PBXBuildFile; fileRef = 18420C7824114C6B0060B3BE /* TattooDetailsViewController.swift */; };
		18420C7C24114DA10060B3BE /* TattooListCell.swift in Sources */ = {isa = PBXBuildFile; fileRef = 18420C7A24114DA10060B3BE /* TattooListCell.swift */; };
		18420C7D24114DA10060B3BE /* TattooListCell.xib in Resources */ = {isa = PBXBuildFile; fileRef = 18420C7B24114DA10060B3BE /* TattooListCell.xib */; };
		18420C7F24114EEF0060B3BE /* TattooListInteractor.swift in Sources */ = {isa = PBXBuildFile; fileRef = 18420C7E24114EEF0060B3BE /* TattooListInteractor.swift */; };
		18420C81241150B60060B3BE /* TattooDetailsInteractor.swift in Sources */ = {isa = PBXBuildFile; fileRef = 18420C80241150B60060B3BE /* TattooDetailsInteractor.swift */; };
		187C4F8D24112E4700E81133 /* AppDelegate.swift in Sources */ = {isa = PBXBuildFile; fileRef = 187C4F8C24112E4700E81133 /* AppDelegate.swift */; };
		187C4F9424112E4900E81133 /* Assets.xcassets in Resources */ = {isa = PBXBuildFile; fileRef = 187C4F9324112E4900E81133 /* Assets.xcassets */; };
		187C4F9724112E4900E81133 /* LaunchScreen.storyboard in Resources */ = {isa = PBXBuildFile; fileRef = 187C4F9524112E4900E81133 /* LaunchScreen.storyboard */; };
		187C4FA224112E4900E81133 /* TattoodoCodeAssignmentTests.swift in Sources */ = {isa = PBXBuildFile; fileRef = 187C4FA124112E4900E81133 /* TattoodoCodeAssignmentTests.swift */; };
		2605D3AC6E15387F521DD78E /* Pods_TattoodoCodeAssignment.framework in Frameworks */ = {isa = PBXBuildFile; fileRef = 5FB7392FA1E945AC196C05BD /* Pods_TattoodoCodeAssignment.framework */; };
		9123C700BB8F83FEB77F9C62 /* Pods_TattoodoCodeAssignmentTests.framework in Frameworks */ = {isa = PBXBuildFile; fileRef = A2778496B0C4D27FE7E0C7D5 /* Pods_TattoodoCodeAssignmentTests.framework */; };
/* End PBXBuildFile section */

/* Begin PBXContainerItemProxy section */
		187C4F9E24112E4900E81133 /* PBXContainerItemProxy */ = {
			isa = PBXContainerItemProxy;
			containerPortal = 187C4F8124112E4700E81133 /* Project object */;
			proxyType = 1;
			remoteGlobalIDString = 187C4F8824112E4700E81133;
			remoteInfo = TattoodoCodeAssignment;
		};
/* End PBXContainerItemProxy section */

/* Begin PBXFileReference section */
		18420C67241139A80060B3BE /* TattooListScreen.swift */ = {isa = PBXFileReference; lastKnownFileType = sourcecode.swift; path = TattooListScreen.swift; sourceTree = "<group>"; };
		18420C69241139BD0060B3BE /* TattooListPresenter.swift */ = {isa = PBXFileReference; lastKnownFileType = sourcecode.swift; path = TattooListPresenter.swift; sourceTree = "<group>"; };
		18420C6B241139D50060B3BE /* TattooListViewController.swift */ = {isa = PBXFileReference; lastKnownFileType = sourcecode.swift; path = TattooListViewController.swift; sourceTree = "<group>"; };
		18420C6E24113C370060B3BE /* NavigationController.swift */ = {isa = PBXFileReference; lastKnownFileType = sourcecode.swift; path = NavigationController.swift; sourceTree = "<group>"; };
		18420C7224114A3B0060B3BE /* UIView+AutoLayout.swift */ = {isa = PBXFileReference; lastKnownFileType = sourcecode.swift; path = "UIView+AutoLayout.swift"; sourceTree = "<group>"; };
		18420C7424114BC10060B3BE /* TattooDetailsScreen.swift */ = {isa = PBXFileReference; lastKnownFileType = sourcecode.swift; path = TattooDetailsScreen.swift; sourceTree = "<group>"; };
		18420C7624114C4A0060B3BE /* TattooDetailsPresenter.swift */ = {isa = PBXFileReference; lastKnownFileType = sourcecode.swift; path = TattooDetailsPresenter.swift; sourceTree = "<group>"; };
		18420C7824114C6B0060B3BE /* TattooDetailsViewController.swift */ = {isa = PBXFileReference; lastKnownFileType = sourcecode.swift; path = TattooDetailsViewController.swift; sourceTree = "<group>"; };
		18420C7A24114DA10060B3BE /* TattooListCell.swift */ = {isa = PBXFileReference; lastKnownFileType = sourcecode.swift; path = TattooListCell.swift; sourceTree = "<group>"; };
		18420C7B24114DA10060B3BE /* TattooListCell.xib */ = {isa = PBXFileReference; lastKnownFileType = file.xib; path = TattooListCell.xib; sourceTree = "<group>"; };
		18420C7E24114EEF0060B3BE /* TattooListInteractor.swift */ = {isa = PBXFileReference; lastKnownFileType = sourcecode.swift; path = TattooListInteractor.swift; sourceTree = "<group>"; };
		18420C80241150B60060B3BE /* TattooDetailsInteractor.swift */ = {isa = PBXFileReference; lastKnownFileType = sourcecode.swift; path = TattooDetailsInteractor.swift; sourceTree = "<group>"; };
		187C4F8924112E4700E81133 /* TattoodoCodeAssignment.app */ = {isa = PBXFileReference; explicitFileType = wrapper.application; includeInIndex = 0; path = TattoodoCodeAssignment.app; sourceTree = BUILT_PRODUCTS_DIR; };
		187C4F8C24112E4700E81133 /* AppDelegate.swift */ = {isa = PBXFileReference; lastKnownFileType = sourcecode.swift; path = AppDelegate.swift; sourceTree = "<group>"; };
		187C4F9324112E4900E81133 /* Assets.xcassets */ = {isa = PBXFileReference; lastKnownFileType = folder.assetcatalog; path = Assets.xcassets; sourceTree = "<group>"; };
		187C4F9624112E4900E81133 /* Base */ = {isa = PBXFileReference; lastKnownFileType = file.storyboard; name = Base; path = Base.lproj/LaunchScreen.storyboard; sourceTree = "<group>"; };
		187C4F9824112E4900E81133 /* Info.plist */ = {isa = PBXFileReference; lastKnownFileType = text.plist.xml; path = Info.plist; sourceTree = "<group>"; };
		187C4F9D24112E4900E81133 /* TattoodoCodeAssignmentTests.xctest */ = {isa = PBXFileReference; explicitFileType = wrapper.cfbundle; includeInIndex = 0; path = TattoodoCodeAssignmentTests.xctest; sourceTree = BUILT_PRODUCTS_DIR; };
		187C4FA124112E4900E81133 /* TattoodoCodeAssignmentTests.swift */ = {isa = PBXFileReference; lastKnownFileType = sourcecode.swift; path = TattoodoCodeAssignmentTests.swift; sourceTree = "<group>"; };
		187C4FA324112E4900E81133 /* Info.plist */ = {isa = PBXFileReference; lastKnownFileType = text.plist.xml; path = Info.plist; sourceTree = "<group>"; };
		29B0851DA0D4C6BFBB09209E /* Pods-TattoodoCodeAssignmentTests.debug.xcconfig */ = {isa = PBXFileReference; includeInIndex = 1; lastKnownFileType = text.xcconfig; name = "Pods-TattoodoCodeAssignmentTests.debug.xcconfig"; path = "Target Support Files/Pods-TattoodoCodeAssignmentTests/Pods-TattoodoCodeAssignmentTests.debug.xcconfig"; sourceTree = "<group>"; };
		5FB7392FA1E945AC196C05BD /* Pods_TattoodoCodeAssignment.framework */ = {isa = PBXFileReference; explicitFileType = wrapper.framework; includeInIndex = 0; path = Pods_TattoodoCodeAssignment.framework; sourceTree = BUILT_PRODUCTS_DIR; };
		8B139FA6A73AE2B98DE51082 /* Pods-TattoodoCodeAssignment.release.xcconfig */ = {isa = PBXFileReference; includeInIndex = 1; lastKnownFileType = text.xcconfig; name = "Pods-TattoodoCodeAssignment.release.xcconfig"; path = "Target Support Files/Pods-TattoodoCodeAssignment/Pods-TattoodoCodeAssignment.release.xcconfig"; sourceTree = "<group>"; };
		93D0A369D1384BE593BF1126 /* Pods-TattoodoCodeAssignment.debug.xcconfig */ = {isa = PBXFileReference; includeInIndex = 1; lastKnownFileType = text.xcconfig; name = "Pods-TattoodoCodeAssignment.debug.xcconfig"; path = "Target Support Files/Pods-TattoodoCodeAssignment/Pods-TattoodoCodeAssignment.debug.xcconfig"; sourceTree = "<group>"; };
		A2778496B0C4D27FE7E0C7D5 /* Pods_TattoodoCodeAssignmentTests.framework */ = {isa = PBXFileReference; explicitFileType = wrapper.framework; includeInIndex = 0; path = Pods_TattoodoCodeAssignmentTests.framework; sourceTree = BUILT_PRODUCTS_DIR; };
		B2AFD377A28C2F5CB0BCE28B /* Pods-TattoodoCodeAssignmentTests.release.xcconfig */ = {isa = PBXFileReference; includeInIndex = 1; lastKnownFileType = text.xcconfig; name = "Pods-TattoodoCodeAssignmentTests.release.xcconfig"; path = "Target Support Files/Pods-TattoodoCodeAssignmentTests/Pods-TattoodoCodeAssignmentTests.release.xcconfig"; sourceTree = "<group>"; };
/* End PBXFileReference section */

/* Begin PBXFrameworksBuildPhase section */
		187C4F8624112E4700E81133 /* Frameworks */ = {
			isa = PBXFrameworksBuildPhase;
			buildActionMask = 2147483647;
			files = (
				2605D3AC6E15387F521DD78E /* Pods_TattoodoCodeAssignment.framework in Frameworks */,
			);
			runOnlyForDeploymentPostprocessing = 0;
		};
		187C4F9A24112E4900E81133 /* Frameworks */ = {
			isa = PBXFrameworksBuildPhase;
			buildActionMask = 2147483647;
			files = (
				9123C700BB8F83FEB77F9C62 /* Pods_TattoodoCodeAssignmentTests.framework in Frameworks */,
			);
			runOnlyForDeploymentPostprocessing = 0;
		};
/* End PBXFrameworksBuildPhase section */

/* Begin PBXGroup section */
		10E5E4C743BD0C6D9FAE1212 /* Pods */ = {
			isa = PBXGroup;
			children = (
				93D0A369D1384BE593BF1126 /* Pods-TattoodoCodeAssignment.debug.xcconfig */,
				8B139FA6A73AE2B98DE51082 /* Pods-TattoodoCodeAssignment.release.xcconfig */,
				29B0851DA0D4C6BFBB09209E /* Pods-TattoodoCodeAssignmentTests.debug.xcconfig */,
				B2AFD377A28C2F5CB0BCE28B /* Pods-TattoodoCodeAssignmentTests.release.xcconfig */,
			);
			path = Pods;
			sourceTree = "<group>";
		};
		18420C57241133590060B3BE /* Resources */ = {
			isa = PBXGroup;
			children = (
				187C4F9524112E4900E81133 /* LaunchScreen.storyboard */,
				187C4F9324112E4900E81133 /* Assets.xcassets */,
			);
			path = Resources;
			sourceTree = "<group>";
		};
		18420C58241133780060B3BE /* Configuration */ = {
			isa = PBXGroup;
			children = (
				187C4F9824112E4900E81133 /* Info.plist */,
			);
			path = Configuration;
			sourceTree = "<group>";
		};
		18420C592411341D0060B3BE /* Scenes */ = {
			isa = PBXGroup;
			children = (
				18420C65241138E30060B3BE /* TattooList */,
				18420C66241139180060B3BE /* TattooDetails */,
			);
			path = Scenes;
			sourceTree = "<group>";
		};
		18420C61241135B20060B3BE /* Utils */ = {
			isa = PBXGroup;
			children = (
				18420C6D24113C210060B3BE /* Controllers */,
			);
			path = Utils;
			sourceTree = "<group>";
		};
		18420C65241138E30060B3BE /* TattooList */ = {
			isa = PBXGroup;
			children = (
				18420C70241147E60060B3BE /* Cells */,
				18420C67241139A80060B3BE /* TattooListScreen.swift */,
				18420C69241139BD0060B3BE /* TattooListPresenter.swift */,
				18420C7E24114EEF0060B3BE /* TattooListInteractor.swift */,
				18420C6B241139D50060B3BE /* TattooListViewController.swift */,
			);
			path = TattooList;
			sourceTree = "<group>";
		};
		18420C66241139180060B3BE /* TattooDetails */ = {
			isa = PBXGroup;
			children = (
				18420C7424114BC10060B3BE /* TattooDetailsScreen.swift */,
				18420C7624114C4A0060B3BE /* TattooDetailsPresenter.swift */,
				18420C80241150B60060B3BE /* TattooDetailsInteractor.swift */,
				18420C7824114C6B0060B3BE /* TattooDetailsViewController.swift */,
			);
			path = TattooDetails;
			sourceTree = "<group>";
		};
		18420C6D24113C210060B3BE /* Controllers */ = {
			isa = PBXGroup;
			children = (
				18420C6E24113C370060B3BE /* NavigationController.swift */,
			);
			path = Controllers;
			sourceTree = "<group>";
		};
		18420C70241147E60060B3BE /* Cells */ = {
			isa = PBXGroup;
			children = (
				18420C7A24114DA10060B3BE /* TattooListCell.swift */,
				18420C7B24114DA10060B3BE /* TattooListCell.xib */,
			);
			path = Cells;
			sourceTree = "<group>";
		};
		18420C7124114A0E0060B3BE /* Extensions */ = {
			isa = PBXGroup;
			children = (
				18420C7224114A3B0060B3BE /* UIView+AutoLayout.swift */,
			);
			path = Extensions;
			sourceTree = "<group>";
		};
		187C4F8024112E4700E81133 = {
			isa = PBXGroup;
			children = (
				187C4F8B24112E4700E81133 /* TattoodoCodeAssignment */,
				187C4FA024112E4900E81133 /* TattoodoCodeAssignmentTests */,
				187C4F8A24112E4700E81133 /* Products */,
				10E5E4C743BD0C6D9FAE1212 /* Pods */,
				9EFC72BD8286CAA732DD1B93 /* Frameworks */,
			);
			sourceTree = "<group>";
		};
		187C4F8A24112E4700E81133 /* Products */ = {
			isa = PBXGroup;
			children = (
				187C4F8924112E4700E81133 /* TattoodoCodeAssignment.app */,
				187C4F9D24112E4900E81133 /* TattoodoCodeAssignmentTests.xctest */,
			);
			name = Products;
			sourceTree = "<group>";
		};
		187C4F8B24112E4700E81133 /* TattoodoCodeAssignment */ = {
			isa = PBXGroup;
			children = (
				187C4F8C24112E4700E81133 /* AppDelegate.swift */,
				18420C592411341D0060B3BE /* Scenes */,
				18420C61241135B20060B3BE /* Utils */,
				18420C7124114A0E0060B3BE /* Extensions */,
				18420C58241133780060B3BE /* Configuration */,
				18420C57241133590060B3BE /* Resources */,
			);
			path = TattoodoCodeAssignment;
			sourceTree = "<group>";
		};
		187C4FA024112E4900E81133 /* TattoodoCodeAssignmentTests */ = {
			isa = PBXGroup;
			children = (
				187C4FA124112E4900E81133 /* TattoodoCodeAssignmentTests.swift */,
				187C4FA324112E4900E81133 /* Info.plist */,
			);
			path = TattoodoCodeAssignmentTests;
			sourceTree = "<group>";
		};
		9EFC72BD8286CAA732DD1B93 /* Frameworks */ = {
			isa = PBXGroup;
			children = (
				5FB7392FA1E945AC196C05BD /* Pods_TattoodoCodeAssignment.framework */,
				A2778496B0C4D27FE7E0C7D5 /* Pods_TattoodoCodeAssignmentTests.framework */,
			);
			name = Frameworks;
			sourceTree = "<group>";
		};
/* End PBXGroup section */

/* Begin PBXNativeTarget section */
		187C4F8824112E4700E81133 /* TattoodoCodeAssignment */ = {
			isa = PBXNativeTarget;
			buildConfigurationList = 187C4FA624112E4900E81133 /* Build configuration list for PBXNativeTarget "TattoodoCodeAssignment" */;
			buildPhases = (
				988BAFDA6C9F41FFC4C49DAB /* [CP] Check Pods Manifest.lock */,
				187C4F8524112E4700E81133 /* Sources */,
				187C4F8624112E4700E81133 /* Frameworks */,
				187C4F8724112E4700E81133 /* Resources */,
				223C9478B4DE25803C0B875E /* [CP] Embed Pods Frameworks */,
			);
			buildRules = (
			);
			dependencies = (
			);
			name = TattoodoCodeAssignment;
			productName = TattoodoCodeAssignment;
			productReference = 187C4F8924112E4700E81133 /* TattoodoCodeAssignment.app */;
			productType = "com.apple.product-type.application";
		};
		187C4F9C24112E4900E81133 /* TattoodoCodeAssignmentTests */ = {
			isa = PBXNativeTarget;
			buildConfigurationList = 187C4FA924112E4900E81133 /* Build configuration list for PBXNativeTarget "TattoodoCodeAssignmentTests" */;
			buildPhases = (
				342F32F46BD9DDBFBF1877FA /* [CP] Check Pods Manifest.lock */,
				187C4F9924112E4900E81133 /* Sources */,
				187C4F9A24112E4900E81133 /* Frameworks */,
				187C4F9B24112E4900E81133 /* Resources */,
			);
			buildRules = (
			);
			dependencies = (
				187C4F9F24112E4900E81133 /* PBXTargetDependency */,
			);
			name = TattoodoCodeAssignmentTests;
			productName = TattoodoCodeAssignmentTests;
			productReference = 187C4F9D24112E4900E81133 /* TattoodoCodeAssignmentTests.xctest */;
			productType = "com.apple.product-type.bundle.unit-test";
		};
/* End PBXNativeTarget section */

/* Begin PBXProject section */
		187C4F8124112E4700E81133 /* Project object */ = {
			isa = PBXProject;
			attributes = {
				LastSwiftUpdateCheck = 1030;
				LastUpgradeCheck = 1030;
				ORGANIZATIONNAME = iosypenk;
				TargetAttributes = {
					187C4F8824112E4700E81133 = {
						CreatedOnToolsVersion = 10.3;
					};
					187C4F9C24112E4900E81133 = {
						CreatedOnToolsVersion = 10.3;
						TestTargetID = 187C4F8824112E4700E81133;
					};
				};
			};
			buildConfigurationList = 187C4F8424112E4700E81133 /* Build configuration list for PBXProject "TattoodoCodeAssignment" */;
			compatibilityVersion = "Xcode 9.3";
			developmentRegion = en;
			hasScannedForEncodings = 0;
			knownRegions = (
				en,
				Base,
			);
			mainGroup = 187C4F8024112E4700E81133;
			productRefGroup = 187C4F8A24112E4700E81133 /* Products */;
			projectDirPath = "";
			projectRoot = "";
			targets = (
				187C4F8824112E4700E81133 /* TattoodoCodeAssignment */,
				187C4F9C24112E4900E81133 /* TattoodoCodeAssignmentTests */,
			);
		};
/* End PBXProject section */

/* Begin PBXResourcesBuildPhase section */
		187C4F8724112E4700E81133 /* Resources */ = {
			isa = PBXResourcesBuildPhase;
			buildActionMask = 2147483647;
			files = (
				18420C7D24114DA10060B3BE /* TattooListCell.xib in Resources */,
				187C4F9724112E4900E81133 /* LaunchScreen.storyboard in Resources */,
				187C4F9424112E4900E81133 /* Assets.xcassets in Resources */,
			);
			runOnlyForDeploymentPostprocessing = 0;
		};
		187C4F9B24112E4900E81133 /* Resources */ = {
			isa = PBXResourcesBuildPhase;
			buildActionMask = 2147483647;
			files = (
			);
			runOnlyForDeploymentPostprocessing = 0;
		};
/* End PBXResourcesBuildPhase section */

/* Begin PBXShellScriptBuildPhase section */
		223C9478B4DE25803C0B875E /* [CP] Embed Pods Frameworks */ = {
			isa = PBXShellScriptBuildPhase;
			buildActionMask = 2147483647;
			files = (
			);
			inputFileListPaths = (
				"${PODS_ROOT}/Target Support Files/Pods-TattoodoCodeAssignment/Pods-TattoodoCodeAssignment-frameworks-${CONFIGURATION}-input-files.xcfilelist",
			);
			name = "[CP] Embed Pods Frameworks";
			outputFileListPaths = (
				"${PODS_ROOT}/Target Support Files/Pods-TattoodoCodeAssignment/Pods-TattoodoCodeAssignment-frameworks-${CONFIGURATION}-output-files.xcfilelist",
			);
			runOnlyForDeploymentPostprocessing = 0;
			shellPath = /bin/sh;
			shellScript = "\"${PODS_ROOT}/Target Support Files/Pods-TattoodoCodeAssignment/Pods-TattoodoCodeAssignment-frameworks.sh\"\n";
			showEnvVarsInLog = 0;
		};
		342F32F46BD9DDBFBF1877FA /* [CP] Check Pods Manifest.lock */ = {
			isa = PBXShellScriptBuildPhase;
			buildActionMask = 2147483647;
			files = (
			);
			inputFileListPaths = (
			);
			inputPaths = (
				"${PODS_PODFILE_DIR_PATH}/Podfile.lock",
				"${PODS_ROOT}/Manifest.lock",
			);
			name = "[CP] Check Pods Manifest.lock";
			outputFileListPaths = (
			);
			outputPaths = (
				"$(DERIVED_FILE_DIR)/Pods-TattoodoCodeAssignmentTests-checkManifestLockResult.txt",
			);
			runOnlyForDeploymentPostprocessing = 0;
			shellPath = /bin/sh;
			shellScript = "diff \"${PODS_PODFILE_DIR_PATH}/Podfile.lock\" \"${PODS_ROOT}/Manifest.lock\" > /dev/null\nif [ $? != 0 ] ; then\n    # print error to STDERR\n    echo \"error: The sandbox is not in sync with the Podfile.lock. Run 'pod install' or update your CocoaPods installation.\" >&2\n    exit 1\nfi\n# This output is used by Xcode 'outputs' to avoid re-running this script phase.\necho \"SUCCESS\" > \"${SCRIPT_OUTPUT_FILE_0}\"\n";
			showEnvVarsInLog = 0;
		};
		988BAFDA6C9F41FFC4C49DAB /* [CP] Check Pods Manifest.lock */ = {
			isa = PBXShellScriptBuildPhase;
			buildActionMask = 2147483647;
			files = (
			);
			inputFileListPaths = (
			);
			inputPaths = (
				"${PODS_PODFILE_DIR_PATH}/Podfile.lock",
				"${PODS_ROOT}/Manifest.lock",
			);
			name = "[CP] Check Pods Manifest.lock";
			outputFileListPaths = (
			);
			outputPaths = (
				"$(DERIVED_FILE_DIR)/Pods-TattoodoCodeAssignment-checkManifestLockResult.txt",
			);
			runOnlyForDeploymentPostprocessing = 0;
			shellPath = /bin/sh;
			shellScript = "diff \"${PODS_PODFILE_DIR_PATH}/Podfile.lock\" \"${PODS_ROOT}/Manifest.lock\" > /dev/null\nif [ $? != 0 ] ; then\n    # print error to STDERR\n    echo \"error: The sandbox is not in sync with the Podfile.lock. Run 'pod install' or update your CocoaPods installation.\" >&2\n    exit 1\nfi\n# This output is used by Xcode 'outputs' to avoid re-running this script phase.\necho \"SUCCESS\" > \"${SCRIPT_OUTPUT_FILE_0}\"\n";
			showEnvVarsInLog = 0;
		};
/* End PBXShellScriptBuildPhase section */

/* Begin PBXSourcesBuildPhase section */
		187C4F8524112E4700E81133 /* Sources */ = {
			isa = PBXSourcesBuildPhase;
			buildActionMask = 2147483647;
			files = (
				18420C7724114C4A0060B3BE /* TattooDetailsPresenter.swift in Sources */,
				18420C68241139A80060B3BE /* TattooListScreen.swift in Sources */,
				18420C6F24113C370060B3BE /* NavigationController.swift in Sources */,
				18420C7324114A3B0060B3BE /* UIView+AutoLayout.swift in Sources */,
				18420C6A241139BD0060B3BE /* TattooListPresenter.swift in Sources */,
				18420C7F24114EEF0060B3BE /* TattooListInteractor.swift in Sources */,
				18420C7524114BC10060B3BE /* TattooDetailsScreen.swift in Sources */,
				18420C6C241139D50060B3BE /* TattooListViewController.swift in Sources */,
				18420C81241150B60060B3BE /* TattooDetailsInteractor.swift in Sources */,
				187C4F8D24112E4700E81133 /* AppDelegate.swift in Sources */,
				18420C7C24114DA10060B3BE /* TattooListCell.swift in Sources */,
				18420C7924114C6B0060B3BE /* TattooDetailsViewController.swift in Sources */,
			);
			runOnlyForDeploymentPostprocessing = 0;
		};
		187C4F9924112E4900E81133 /* Sources */ = {
			isa = PBXSourcesBuildPhase;
			buildActionMask = 2147483647;
			files = (
				187C4FA224112E4900E81133 /* TattoodoCodeAssignmentTests.swift in Sources */,
			);
			runOnlyForDeploymentPostprocessing = 0;
		};
/* End PBXSourcesBuildPhase section */

/* Begin PBXTargetDependency section */
		187C4F9F24112E4900E81133 /* PBXTargetDependency */ = {
			isa = PBXTargetDependency;
			target = 187C4F8824112E4700E81133 /* TattoodoCodeAssignment */;
			targetProxy = 187C4F9E24112E4900E81133 /* PBXContainerItemProxy */;
		};
/* End PBXTargetDependency section */

/* Begin PBXVariantGroup section */
		187C4F9524112E4900E81133 /* LaunchScreen.storyboard */ = {
			isa = PBXVariantGroup;
			children = (
				187C4F9624112E4900E81133 /* Base */,
			);
			name = LaunchScreen.storyboard;
			sourceTree = "<group>";
		};
/* End PBXVariantGroup section */

/* Begin XCBuildConfiguration section */
		187C4FA424112E4900E81133 /* Debug */ = {
			isa = XCBuildConfiguration;
			buildSettings = {
				ALWAYS_SEARCH_USER_PATHS = NO;
				CLANG_ANALYZER_NONNULL = YES;
				CLANG_ANALYZER_NUMBER_OBJECT_CONVERSION = YES_AGGRESSIVE;
				CLANG_CXX_LANGUAGE_STANDARD = "gnu++14";
				CLANG_CXX_LIBRARY = "libc++";
				CLANG_ENABLE_MODULES = YES;
				CLANG_ENABLE_OBJC_ARC = YES;
				CLANG_ENABLE_OBJC_WEAK = YES;
				CLANG_WARN_BLOCK_CAPTURE_AUTORELEASING = YES;
				CLANG_WARN_BOOL_CONVERSION = YES;
				CLANG_WARN_COMMA = YES;
				CLANG_WARN_CONSTANT_CONVERSION = YES;
				CLANG_WARN_DEPRECATED_OBJC_IMPLEMENTATIONS = YES;
				CLANG_WARN_DIRECT_OBJC_ISA_USAGE = YES_ERROR;
				CLANG_WARN_DOCUMENTATION_COMMENTS = YES;
				CLANG_WARN_EMPTY_BODY = YES;
				CLANG_WARN_ENUM_CONVERSION = YES;
				CLANG_WARN_INFINITE_RECURSION = YES;
				CLANG_WARN_INT_CONVERSION = YES;
				CLANG_WARN_NON_LITERAL_NULL_CONVERSION = YES;
				CLANG_WARN_OBJC_IMPLICIT_RETAIN_SELF = YES;
				CLANG_WARN_OBJC_LITERAL_CONVERSION = YES;
				CLANG_WARN_OBJC_ROOT_CLASS = YES_ERROR;
				CLANG_WARN_RANGE_LOOP_ANALYSIS = YES;
				CLANG_WARN_STRICT_PROTOTYPES = YES;
				CLANG_WARN_SUSPICIOUS_MOVE = YES;
				CLANG_WARN_UNGUARDED_AVAILABILITY = YES_AGGRESSIVE;
				CLANG_WARN_UNREACHABLE_CODE = YES;
				CLANG_WARN__DUPLICATE_METHOD_MATCH = YES;
				CODE_SIGN_IDENTITY = "iPhone Developer";
				COPY_PHASE_STRIP = NO;
				DEBUG_INFORMATION_FORMAT = dwarf;
				ENABLE_STRICT_OBJC_MSGSEND = YES;
				ENABLE_TESTABILITY = YES;
				GCC_C_LANGUAGE_STANDARD = gnu11;
				GCC_DYNAMIC_NO_PIC = NO;
				GCC_NO_COMMON_BLOCKS = YES;
				GCC_OPTIMIZATION_LEVEL = 0;
				GCC_PREPROCESSOR_DEFINITIONS = (
					"DEBUG=1",
					"$(inherited)",
				);
				GCC_WARN_64_TO_32_BIT_CONVERSION = YES;
				GCC_WARN_ABOUT_RETURN_TYPE = YES_ERROR;
				GCC_WARN_UNDECLARED_SELECTOR = YES;
				GCC_WARN_UNINITIALIZED_AUTOS = YES_AGGRESSIVE;
				GCC_WARN_UNUSED_FUNCTION = YES;
				GCC_WARN_UNUSED_VARIABLE = YES;
				IPHONEOS_DEPLOYMENT_TARGET = 10.0;
				MTL_ENABLE_DEBUG_INFO = INCLUDE_SOURCE;
				MTL_FAST_MATH = YES;
				ONLY_ACTIVE_ARCH = YES;
				SDKROOT = iphoneos;
				SWIFT_ACTIVE_COMPILATION_CONDITIONS = DEBUG;
				SWIFT_OPTIMIZATION_LEVEL = "-Onone";
			};
			name = Debug;
		};
		187C4FA524112E4900E81133 /* Release */ = {
			isa = XCBuildConfiguration;
			buildSettings = {
				ALWAYS_SEARCH_USER_PATHS = NO;
				CLANG_ANALYZER_NONNULL = YES;
				CLANG_ANALYZER_NUMBER_OBJECT_CONVERSION = YES_AGGRESSIVE;
				CLANG_CXX_LANGUAGE_STANDARD = "gnu++14";
				CLANG_CXX_LIBRARY = "libc++";
				CLANG_ENABLE_MODULES = YES;
				CLANG_ENABLE_OBJC_ARC = YES;
				CLANG_ENABLE_OBJC_WEAK = YES;
				CLANG_WARN_BLOCK_CAPTURE_AUTORELEASING = YES;
				CLANG_WARN_BOOL_CONVERSION = YES;
				CLANG_WARN_COMMA = YES;
				CLANG_WARN_CONSTANT_CONVERSION = YES;
				CLANG_WARN_DEPRECATED_OBJC_IMPLEMENTATIONS = YES;
				CLANG_WARN_DIRECT_OBJC_ISA_USAGE = YES_ERROR;
				CLANG_WARN_DOCUMENTATION_COMMENTS = YES;
				CLANG_WARN_EMPTY_BODY = YES;
				CLANG_WARN_ENUM_CONVERSION = YES;
				CLANG_WARN_INFINITE_RECURSION = YES;
				CLANG_WARN_INT_CONVERSION = YES;
				CLANG_WARN_NON_LITERAL_NULL_CONVERSION = YES;
				CLANG_WARN_OBJC_IMPLICIT_RETAIN_SELF = YES;
				CLANG_WARN_OBJC_LITERAL_CONVERSION = YES;
				CLANG_WARN_OBJC_ROOT_CLASS = YES_ERROR;
				CLANG_WARN_RANGE_LOOP_ANALYSIS = YES;
				CLANG_WARN_STRICT_PROTOTYPES = YES;
				CLANG_WARN_SUSPICIOUS_MOVE = YES;
				CLANG_WARN_UNGUARDED_AVAILABILITY = YES_AGGRESSIVE;
				CLANG_WARN_UNREACHABLE_CODE = YES;
				CLANG_WARN__DUPLICATE_METHOD_MATCH = YES;
				CODE_SIGN_IDENTITY = "iPhone Developer";
				COPY_PHASE_STRIP = NO;
				DEBUG_INFORMATION_FORMAT = "dwarf-with-dsym";
				ENABLE_NS_ASSERTIONS = NO;
				ENABLE_STRICT_OBJC_MSGSEND = YES;
				GCC_C_LANGUAGE_STANDARD = gnu11;
				GCC_NO_COMMON_BLOCKS = YES;
				GCC_WARN_64_TO_32_BIT_CONVERSION = YES;
				GCC_WARN_ABOUT_RETURN_TYPE = YES_ERROR;
				GCC_WARN_UNDECLARED_SELECTOR = YES;
				GCC_WARN_UNINITIALIZED_AUTOS = YES_AGGRESSIVE;
				GCC_WARN_UNUSED_FUNCTION = YES;
				GCC_WARN_UNUSED_VARIABLE = YES;
				IPHONEOS_DEPLOYMENT_TARGET = 10.0;
				MTL_ENABLE_DEBUG_INFO = NO;
				MTL_FAST_MATH = YES;
				SDKROOT = iphoneos;
				SWIFT_COMPILATION_MODE = wholemodule;
				SWIFT_OPTIMIZATION_LEVEL = "-O";
				VALIDATE_PRODUCT = YES;
			};
			name = Release;
		};
		187C4FA724112E4900E81133 /* Debug */ = {
			isa = XCBuildConfiguration;
			baseConfigurationReference = 93D0A369D1384BE593BF1126 /* Pods-TattoodoCodeAssignment.debug.xcconfig */;
			buildSettings = {
				ASSETCATALOG_COMPILER_APPICON_NAME = AppIcon;
				CODE_SIGN_STYLE = Automatic;
				DEVELOPMENT_TEAM = DU9B24YLDN;
				INFOPLIST_FILE = TattoodoCodeAssignment/Configuration/Info.plist;
				LD_RUNPATH_SEARCH_PATHS = (
					"$(inherited)",
					"@executable_path/Frameworks",
				);
				PRODUCT_BUNDLE_IDENTIFIER = iosypenk.TattoodoCodeAssignment;
				PRODUCT_NAME = "$(TARGET_NAME)";
				SWIFT_VERSION = 5.0;
				TARGETED_DEVICE_FAMILY = 1;
			};
			name = Debug;
		};
		187C4FA824112E4900E81133 /* Release */ = {
			isa = XCBuildConfiguration;
			baseConfigurationReference = 8B139FA6A73AE2B98DE51082 /* Pods-TattoodoCodeAssignment.release.xcconfig */;
			buildSettings = {
				ASSETCATALOG_COMPILER_APPICON_NAME = AppIcon;
				CODE_SIGN_STYLE = Automatic;
				DEVELOPMENT_TEAM = DU9B24YLDN;
				INFOPLIST_FILE = TattoodoCodeAssignment/Configuration/Info.plist;
				LD_RUNPATH_SEARCH_PATHS = (
					"$(inherited)",
					"@executable_path/Frameworks",
				);
				PRODUCT_BUNDLE_IDENTIFIER = iosypenk.TattoodoCodeAssignment;
				PRODUCT_NAME = "$(TARGET_NAME)";
				SWIFT_VERSION = 5.0;
				TARGETED_DEVICE_FAMILY = 1;
			};
			name = Release;
		};
		187C4FAA24112E4900E81133 /* Debug */ = {
			isa = XCBuildConfiguration;
			baseConfigurationReference = 29B0851DA0D4C6BFBB09209E /* Pods-TattoodoCodeAssignmentTests.debug.xcconfig */;
			buildSettings = {
				ALWAYS_EMBED_SWIFT_STANDARD_LIBRARIES = YES;
				BUNDLE_LOADER = "$(TEST_HOST)";
				CODE_SIGN_STYLE = Automatic;
				DEVELOPMENT_TEAM = DU9B24YLDN;
				INFOPLIST_FILE = TattoodoCodeAssignmentTests/Info.plist;
				LD_RUNPATH_SEARCH_PATHS = (
					"$(inherited)",
					"@executable_path/Frameworks",
					"@loader_path/Frameworks",
				);
				PRODUCT_BUNDLE_IDENTIFIER = iosypenk.TattoodoCodeAssignmentTests;
				PRODUCT_NAME = "$(TARGET_NAME)";
				SWIFT_VERSION = 5.0;
				TARGETED_DEVICE_FAMILY = "1,2";
				TEST_HOST = "$(BUILT_PRODUCTS_DIR)/TattoodoCodeAssignment.app/TattoodoCodeAssignment";
			};
			name = Debug;
		};
		187C4FAB24112E4900E81133 /* Release */ = {
			isa = XCBuildConfiguration;
			baseConfigurationReference = B2AFD377A28C2F5CB0BCE28B /* Pods-TattoodoCodeAssignmentTests.release.xcconfig */;
			buildSettings = {
				ALWAYS_EMBED_SWIFT_STANDARD_LIBRARIES = YES;
				BUNDLE_LOADER = "$(TEST_HOST)";
				CODE_SIGN_STYLE = Automatic;
				DEVELOPMENT_TEAM = DU9B24YLDN;
				INFOPLIST_FILE = TattoodoCodeAssignmentTests/Info.plist;
				LD_RUNPATH_SEARCH_PATHS = (
					"$(inherited)",
					"@executable_path/Frameworks",
					"@loader_path/Frameworks",
				);
				PRODUCT_BUNDLE_IDENTIFIER = iosypenk.TattoodoCodeAssignmentTests;
				PRODUCT_NAME = "$(TARGET_NAME)";
				SWIFT_VERSION = 5.0;
				TARGETED_DEVICE_FAMILY = "1,2";
				TEST_HOST = "$(BUILT_PRODUCTS_DIR)/TattoodoCodeAssignment.app/TattoodoCodeAssignment";
			};
			name = Release;
		};
/* End XCBuildConfiguration section */

/* Begin XCConfigurationList section */
		187C4F8424112E4700E81133 /* Build configuration list for PBXProject "TattoodoCodeAssignment" */ = {
			isa = XCConfigurationList;
			buildConfigurations = (
				187C4FA424112E4900E81133 /* Debug */,
				187C4FA524112E4900E81133 /* Release */,
			);
			defaultConfigurationIsVisible = 0;
			defaultConfigurationName = Release;
		};
		187C4FA624112E4900E81133 /* Build configuration list for PBXNativeTarget "TattoodoCodeAssignment" */ = {
			isa = XCConfigurationList;
			buildConfigurations = (
				187C4FA724112E4900E81133 /* Debug */,
				187C4FA824112E4900E81133 /* Release */,
			);
			defaultConfigurationIsVisible = 0;
			defaultConfigurationName = Release;
		};
		187C4FA924112E4900E81133 /* Build configuration list for PBXNativeTarget "TattoodoCodeAssignmentTests" */ = {
			isa = XCConfigurationList;
			buildConfigurations = (
				187C4FAA24112E4900E81133 /* Debug */,
				187C4FAB24112E4900E81133 /* Release */,
			);
			defaultConfigurationIsVisible = 0;
			defaultConfigurationName = Release;
		};
/* End XCConfigurationList section */
	};
	rootObject = 187C4F8124112E4700E81133 /* Project object */;
}
